// !$*UTF8*$!
{
	archiveVersion = 1;
	classes = {
	};
	objectVersion = 77;
	objects = {

/* Begin PBXBuildFile section */
		3F991F022E980FA9004351C6 /* SmartGuideServices.framework in Frameworks */ = {isa = PBXBuildFile; fileRef = 3F991EDA2E980B6B004351C6 /* SmartGuideServices.framework */; };
		3F991F032E980FA9004351C6 /* SmartGuideServices.framework in Embed Frameworks */ = {isa = PBXBuildFile; fileRef = 3F991EDA2E980B6B004351C6 /* SmartGuideServices.framework */; settings = {ATTRIBUTES = (CodeSignOnCopy, RemoveHeadersOnCopy, ); }; };
		3F991F072E980FAE004351C6 /* SmartGuideServices.framework in Frameworks */ = {isa = PBXBuildFile; fileRef = 3F991EDA2E980B6B004351C6 /* SmartGuideServices.framework */; };
		3F991F082E980FAE004351C6 /* SmartGuideServices.framework in Embed Frameworks */ = {isa = PBXBuildFile; fileRef = 3F991EDA2E980B6B004351C6 /* SmartGuideServices.framework */; settings = {ATTRIBUTES = (CodeSignOnCopy, RemoveHeadersOnCopy, ); }; };
/* End PBXBuildFile section */

/* Begin PBXContainerItemProxy section */
		3F991F042E980FA9004351C6 /* PBXContainerItemProxy */ = {
			isa = PBXContainerItemProxy;
			containerPortal = 3F991E812E97FE9B004351C6 /* Project object */;
			proxyType = 1;
			remoteGlobalIDString = 3F991ED92E980B6B004351C6;
			remoteInfo = SmartGuideServices;
		};
		3F991F092E980FAE004351C6 /* PBXContainerItemProxy */ = {
			isa = PBXContainerItemProxy;
			containerPortal = 3F991E812E97FE9B004351C6 /* Project object */;
			proxyType = 1;
			remoteGlobalIDString = 3F991ED92E980B6B004351C6;
			remoteInfo = SmartGuideServices;
		};
/* End PBXContainerItemProxy section */

/* Begin PBXCopyFilesBuildPhase section */
		3F991F062E980FA9004351C6 /* Embed Frameworks */ = {
			isa = PBXCopyFilesBuildPhase;
			buildActionMask = 2147483647;
			dstPath = "";
			dstSubfolderSpec = 10;
			files = (
				3F991F032E980FA9004351C6 /* SmartGuideServices.framework in Embed Frameworks */,
			);
			name = "Embed Frameworks";
			runOnlyForDeploymentPostprocessing = 0;
		};
		3F991F0B2E980FAF004351C6 /* Embed Frameworks */ = {
			isa = PBXCopyFilesBuildPhase;
			buildActionMask = 2147483647;
			dstPath = "";
			dstSubfolderSpec = 10;
			files = (
				3F991F082E980FAE004351C6 /* SmartGuideServices.framework in Embed Frameworks */,
			);
			name = "Embed Frameworks";
			runOnlyForDeploymentPostprocessing = 0;
		};
/* End PBXCopyFilesBuildPhase section */

/* Begin PBXFileReference section */
		3F991E9E2E980115004351C6 /* VisuallyImpairedApp.app */ = {isa = PBXFileReference; explicitFileType = wrapper.application; includeInIndex = 0; path = VisuallyImpairedApp.app; sourceTree = BUILT_PRODUCTS_DIR; };
		3F991EB02E9801C8004351C6 /* FamilyApp.app */ = {isa = PBXFileReference; explicitFileType = wrapper.application; includeInIndex = 0; path = FamilyApp.app; sourceTree = BUILT_PRODUCTS_DIR; };
		3F991EDA2E980B6B004351C6 /* SmartGuideServices.framework */ = {isa = PBXFileReference; explicitFileType = wrapper.framework; includeInIndex = 0; path = SmartGuideServices.framework; sourceTree = BUILT_PRODUCTS_DIR; };
/* End PBXFileReference section */

/* Begin PBXFileSystemSynchronizedBuildFileExceptionSet section */
		3F991EE42E980B6B004351C6 /* Exceptions for "SmartGuideServices" folder in "SmartGuideServices" target */ = {
			isa = PBXFileSystemSynchronizedBuildFileExceptionSet;
			publicHeaders = (
				SmartGuideServices.h,
			);
			target = 3F991ED92E980B6B004351C6 /* SmartGuideServices */;
		};
/* End PBXFileSystemSynchronizedBuildFileExceptionSet section */

/* Begin PBXFileSystemSynchronizedRootGroup section */
		3F991E9F2E980115004351C6 /* VisuallyImpairedApp */ = {
			isa = PBXFileSystemSynchronizedRootGroup;
			path = VisuallyImpairedApp;
			sourceTree = "<group>";
		};
		3F991EB12E9801C8004351C6 /* FamilyApp */ = {
			isa = PBXFileSystemSynchronizedRootGroup;
			path = FamilyApp;
			sourceTree = "<group>";
		};
		3F991EDB2E980B6B004351C6 /* SmartGuideServices */ = {
			isa = PBXFileSystemSynchronizedRootGroup;
			exceptions = (
				3F991EE42E980B6B004351C6 /* Exceptions for "SmartGuideServices" folder in "SmartGuideServices" target */,
			);
			path = SmartGuideServices;
			sourceTree = "<group>";
		};
/* End PBXFileSystemSynchronizedRootGroup section */

/* Begin PBXFrameworksBuildPhase section */
		3F991E9B2E980115004351C6 /* Frameworks */ = {
			isa = PBXFrameworksBuildPhase;
			buildActionMask = 2147483647;
			files = (
				3F991F022E980FA9004351C6 /* SmartGuideServices.framework in Frameworks */,
			);
			runOnlyForDeploymentPostprocessing = 0;
		};
		3F991EAD2E9801C8004351C6 /* Frameworks */ = {
			isa = PBXFrameworksBuildPhase;
			buildActionMask = 2147483647;
			files = (
				3F991F072E980FAE004351C6 /* SmartGuideServices.framework in Frameworks */,
			);
			runOnlyForDeploymentPostprocessing = 0;
		};
		3F991ED72E980B6B004351C6 /* Frameworks */ = {
			isa = PBXFrameworksBuildPhase;
			buildActionMask = 2147483647;
			files = (
			);
			runOnlyForDeploymentPostprocessing = 0;
		};
/* End PBXFrameworksBuildPhase section */

/* Begin PBXGroup section */
		3F991E802E97FE9B004351C6 = {
			isa = PBXGroup;
			children = (
				3F991E9F2E980115004351C6 /* VisuallyImpairedApp */,
				3F991EB12E9801C8004351C6 /* FamilyApp */,
				3F991EDB2E980B6B004351C6 /* SmartGuideServices */,
				3F991F012E980FA9004351C6 /* Frameworks */,
				3F991E8A2E97FE9B004351C6 /* Products */,
			);
			sourceTree = "<group>";
		};
		3F991E8A2E97FE9B004351C6 /* Products */ = {
			isa = PBXGroup;
			children = (
				3F991E9E2E980115004351C6 /* VisuallyImpairedApp.app */,
				3F991EB02E9801C8004351C6 /* FamilyApp.app */,
				3F991EDA2E980B6B004351C6 /* SmartGuideServices.framework */,
			);
			name = Products;
			sourceTree = "<group>";
		};
		3F991F012E980FA9004351C6 /* Frameworks */ = {
			isa = PBXGroup;
			children = (
			);
			name = Frameworks;
			sourceTree = "<group>";
		};
/* End PBXGroup section */

/* Begin PBXHeadersBuildPhase section */
		3F991ED52E980B6B004351C6 /* Headers */ = {
			isa = PBXHeadersBuildPhase;
			buildActionMask = 2147483647;
			files = (
			);
			runOnlyForDeploymentPostprocessing = 0;
		};
/* End PBXHeadersBuildPhase section */

/* Begin PBXNativeTarget section */
		3F991E9D2E980115004351C6 /* VisuallyImpairedApp */ = {
			isa = PBXNativeTarget;
			buildConfigurationList = 3F991EA92E980117004351C6 /* Build configuration list for PBXNativeTarget "VisuallyImpairedApp" */;
			buildPhases = (
				3F991E9A2E980115004351C6 /* Sources */,
				3F991E9B2E980115004351C6 /* Frameworks */,
				3F991E9C2E980115004351C6 /* Resources */,
				3F991F062E980FA9004351C6 /* Embed Frameworks */,
			);
			buildRules = (
			);
			dependencies = (
				3F991F052E980FA9004351C6 /* PBXTargetDependency */,
			);
			fileSystemSynchronizedGroups = (
				3F991E9F2E980115004351C6 /* VisuallyImpairedApp */,
			);
			name = VisuallyImpairedApp;
			packageProductDependencies = (
			);
			productName = VisuallyImpairedApp;
			productReference = 3F991E9E2E980115004351C6 /* VisuallyImpairedApp.app */;
			productType = "com.apple.product-type.application";
		};
		3F991EAF2E9801C8004351C6 /* FamilyApp */ = {
			isa = PBXNativeTarget;
			buildConfigurationList = 3F991EBB2E9801C9004351C6 /* Build configuration list for PBXNativeTarget "FamilyApp" */;
			buildPhases = (
				3F991EAC2E9801C8004351C6 /* Sources */,
				3F991EAD2E9801C8004351C6 /* Frameworks */,
				3F991EAE2E9801C8004351C6 /* Resources */,
				3F991F0B2E980FAF004351C6 /* Embed Frameworks */,
			);
			buildRules = (
			);
			dependencies = (
				3F991F0A2E980FAE004351C6 /* PBXTargetDependency */,
			);
			fileSystemSynchronizedGroups = (
				3F991EB12E9801C8004351C6 /* FamilyApp */,
			);
			name = FamilyApp;
			packageProductDependencies = (
			);
			productName = FamilyApp;
			productReference = 3F991EB02E9801C8004351C6 /* FamilyApp.app */;
			productType = "com.apple.product-type.application";
		};
		3F991ED92E980B6B004351C6 /* SmartGuideServices */ = {
			isa = PBXNativeTarget;
			buildConfigurationList = 3F991EE52E980B6B004351C6 /* Build configuration list for PBXNativeTarget "SmartGuideServices" */;
			buildPhases = (
				3F991ED52E980B6B004351C6 /* Headers */,
				3F991ED62E980B6B004351C6 /* Sources */,
				3F991ED72E980B6B004351C6 /* Frameworks */,
				3F991ED82E980B6B004351C6 /* Resources */,
			);
			buildRules = (
			);
			dependencies = (
			);
			fileSystemSynchronizedGroups = (
				3F991EDB2E980B6B004351C6 /* SmartGuideServices */,
			);
			name = SmartGuideServices;
			packageProductDependencies = (
			);
			productName = SmartGuideServices;
			productReference = 3F991EDA2E980B6B004351C6 /* SmartGuideServices.framework */;
			productType = "com.apple.product-type.framework";
		};
/* End PBXNativeTarget section */

/* Begin PBXProject section */
		3F991E812E97FE9B004351C6 /* Project object */ = {
			isa = PBXProject;
			attributes = {
				BuildIndependentTargetsInParallel = 1;
				LastSwiftUpdateCheck = 1620;
				LastUpgradeCheck = 1620;
				TargetAttributes = {
					3F991E9D2E980115004351C6 = {
						CreatedOnToolsVersion = 16.2;
					};
					3F991EAF2E9801C8004351C6 = {
						CreatedOnToolsVersion = 16.2;
					};
					3F991ED92E980B6B004351C6 = {
						CreatedOnToolsVersion = 16.2;
					};
				};
			};
			buildConfigurationList = 3F991E842E97FE9B004351C6 /* Build configuration list for PBXProject "SmartGuideBackpack" */;
			developmentRegion = en;
			hasScannedForEncodings = 0;
			knownRegions = (
				en,
				Base,
			);
			mainGroup = 3F991E802E97FE9B004351C6;
			minimizedProjectReferenceProxies = 1;
			preferredProjectObjectVersion = 77;
			productRefGroup = 3F991E8A2E97FE9B004351C6 /* Products */;
			projectDirPath = "";
			projectRoot = "";
			targets = (
				3F991E9D2E980115004351C6 /* VisuallyImpairedApp */,
				3F991EAF2E9801C8004351C6 /* FamilyApp */,
				3F991ED92E980B6B004351C6 /* SmartGuideServices */,
			);
		};
/* End PBXProject section */

/* Begin PBXResourcesBuildPhase section */
		3F991E9C2E980115004351C6 /* Resources */ = {
			isa = PBXResourcesBuildPhase;
			buildActionMask = 2147483647;
			files = (
			);
			runOnlyForDeploymentPostprocessing = 0;
		};
		3F991EAE2E9801C8004351C6 /* Resources */ = {
			isa = PBXResourcesBuildPhase;
			buildActionMask = 2147483647;
			files = (
			);
			runOnlyForDeploymentPostprocessing = 0;
		};
		3F991ED82E980B6B004351C6 /* Resources */ = {
			isa = PBXResourcesBuildPhase;
			buildActionMask = 2147483647;
			files = (
			);
			runOnlyForDeploymentPostprocessing = 0;
		};
/* End PBXResourcesBuildPhase section */

/* Begin PBXSourcesBuildPhase section */
		3F991E9A2E980115004351C6 /* Sources */ = {
			isa = PBXSourcesBuildPhase;
			buildActionMask = 2147483647;
			files = (
			);
			runOnlyForDeploymentPostprocessing = 0;
		};
		3F991EAC2E9801C8004351C6 /* Sources */ = {
			isa = PBXSourcesBuildPhase;
			buildActionMask = 2147483647;
			files = (
			);
			runOnlyForDeploymentPostprocessing = 0;
		};
		3F991ED62E980B6B004351C6 /* Sources */ = {
			isa = PBXSourcesBuildPhase;
			buildActionMask = 2147483647;
			files = (
			);
			runOnlyForDeploymentPostprocessing = 0;
		};
/* End PBXSourcesBuildPhase section */

/* Begin PBXTargetDependency section */
		3F991F052E980FA9004351C6 /* PBXTargetDependency */ = {
			isa = PBXTargetDependency;
			target = 3F991ED92E980B6B004351C6 /* SmartGuideServices */;
			targetProxy = 3F991F042E980FA9004351C6 /* PBXContainerItemProxy */;
		};
		3F991F0A2E980FAE004351C6 /* PBXTargetDependency */ = {
			isa = PBXTargetDependency;
			target = 3F991ED92E980B6B004351C6 /* SmartGuideServices */;
			targetProxy = 3F991F092E980FAE004351C6 /* PBXContainerItemProxy */;
		};
/* End PBXTargetDependency section */

/* Begin XCBuildConfiguration section */
		3F991E952E97FE9C004351C6 /* Debug */ = {
			isa = XCBuildConfiguration;
			buildSettings = {
				ALWAYS_SEARCH_USER_PATHS = NO;
				ASSETCATALOG_COMPILER_GENERATE_SWIFT_ASSET_SYMBOL_EXTENSIONS = YES;
				CLANG_ANALYZER_NONNULL = YES;
				CLANG_ANALYZER_NUMBER_OBJECT_CONVERSION = YES_AGGRESSIVE;
				CLANG_CXX_LANGUAGE_STANDARD = "gnu++20";
				CLANG_ENABLE_MODULES = YES;
				CLANG_ENABLE_OBJC_ARC = YES;
				CLANG_ENABLE_OBJC_WEAK = YES;
				CLANG_WARN_BLOCK_CAPTURE_AUTORELEASING = YES;
				CLANG_WARN_BOOL_CONVERSION = YES;
				CLANG_WARN_COMMA = YES;
				CLANG_WARN_CONSTANT_CONVERSION = YES;
				CLANG_WARN_DEPRECATED_OBJC_IMPLEMENTATIONS = YES;
				CLANG_WARN_DIRECT_OBJC_ISA_USAGE = YES_ERROR;
				CLANG_WARN_DOCUMENTATION_COMMENTS = YES;
				CLANG_WARN_EMPTY_BODY = YES;
				CLANG_WARN_ENUM_CONVERSION = YES;
				CLANG_WARN_INFINITE_RECURSION = YES;
				CLANG_WARN_INT_CONVERSION = YES;
				CLANG_WARN_NON_LITERAL_NULL_CONVERSION = YES;
				CLANG_WARN_OBJC_IMPLICIT_RETAIN_SELF = YES;
				CLANG_WARN_OBJC_LITERAL_CONVERSION = YES;
				CLANG_WARN_OBJC_ROOT_CLASS = YES_ERROR;
				CLANG_WARN_QUOTED_INCLUDE_IN_FRAMEWORK_HEADER = YES;
				CLANG_WARN_RANGE_LOOP_ANALYSIS = YES;
				CLANG_WARN_STRICT_PROTOTYPES = YES;
				CLANG_WARN_SUSPICIOUS_MOVE = YES;
				CLANG_WARN_UNGUARDED_AVAILABILITY = YES_AGGRESSIVE;
				CLANG_WARN_UNREACHABLE_CODE = YES;
				CLANG_WARN__DUPLICATE_METHOD_MATCH = YES;
				COPY_PHASE_STRIP = NO;
				DEBUG_INFORMATION_FORMAT = dwarf;
				ENABLE_STRICT_OBJC_MSGSEND = YES;
				ENABLE_TESTABILITY = YES;
				ENABLE_USER_SCRIPT_SANDBOXING = YES;
				GCC_C_LANGUAGE_STANDARD = gnu17;
				GCC_DYNAMIC_NO_PIC = NO;
				GCC_NO_COMMON_BLOCKS = YES;
				GCC_OPTIMIZATION_LEVEL = 0;
				GCC_PREPROCESSOR_DEFINITIONS = (
					"DEBUG=1",
					"$(inherited)",
				);
				GCC_WARN_64_TO_32_BIT_CONVERSION = YES;
				GCC_WARN_ABOUT_RETURN_TYPE = YES_ERROR;
				GCC_WARN_UNDECLARED_SELECTOR = YES;
				GCC_WARN_UNINITIALIZED_AUTOS = YES_AGGRESSIVE;
				GCC_WARN_UNUSED_FUNCTION = YES;
				GCC_WARN_UNUSED_VARIABLE = YES;
				IPHONEOS_DEPLOYMENT_TARGET = 18.2;
				LOCALIZATION_PREFERS_STRING_CATALOGS = YES;
				MTL_ENABLE_DEBUG_INFO = INCLUDE_SOURCE;
				MTL_FAST_MATH = YES;
				ONLY_ACTIVE_ARCH = YES;
				SDKROOT = iphoneos;
				SWIFT_ACTIVE_COMPILATION_CONDITIONS = "DEBUG $(inherited)";
				SWIFT_OPTIMIZATION_LEVEL = "-Onone";
			};
			name = Debug;
		};
		3F991E962E97FE9C004351C6 /* Release */ = {
			isa = XCBuildConfiguration;
			buildSettings = {
				ALWAYS_SEARCH_USER_PATHS = NO;
				ASSETCATALOG_COMPILER_GENERATE_SWIFT_ASSET_SYMBOL_EXTENSIONS = YES;
				CLANG_ANALYZER_NONNULL = YES;
				CLANG_ANALYZER_NUMBER_OBJECT_CONVERSION = YES_AGGRESSIVE;
				CLANG_CXX_LANGUAGE_STANDARD = "gnu++20";
				CLANG_ENABLE_MODULES = YES;
				CLANG_ENABLE_OBJC_ARC = YES;
				CLANG_ENABLE_OBJC_WEAK = YES;
				CLANG_WARN_BLOCK_CAPTURE_AUTORELEASING = YES;
				CLANG_WARN_BOOL_CONVERSION = YES;
				CLANG_WARN_COMMA = YES;
				CLANG_WARN_CONSTANT_CONVERSION = YES;
				CLANG_WARN_DEPRECATED_OBJC_IMPLEMENTATIONS = YES;
				CLANG_WARN_DIRECT_OBJC_ISA_USAGE = YES_ERROR;
				CLANG_WARN_DOCUMENTATION_COMMENTS = YES;
				CLANG_WARN_EMPTY_BODY = YES;
				CLANG_WARN_ENUM_CONVERSION = YES;
				CLANG_WARN_INFINITE_RECURSION = YES;
				CLANG_WARN_INT_CONVERSION = YES;
				CLANG_WARN_NON_LITERAL_NULL_CONVERSION = YES;
				CLANG_WARN_OBJC_IMPLICIT_RETAIN_SELF = YES;
				CLANG_WARN_OBJC_LITERAL_CONVERSION = YES;
				CLANG_WARN_OBJC_ROOT_CLASS = YES_ERROR;
				CLANG_WARN_QUOTED_INCLUDE_IN_FRAMEWORK_HEADER = YES;
				CLANG_WARN_RANGE_LOOP_ANALYSIS = YES;
				CLANG_WARN_STRICT_PROTOTYPES = YES;
				CLANG_WARN_SUSPICIOUS_MOVE = YES;
				CLANG_WARN_UNGUARDED_AVAILABILITY = YES_AGGRESSIVE;
				CLANG_WARN_UNREACHABLE_CODE = YES;
				CLANG_WARN__DUPLICATE_METHOD_MATCH = YES;
				COPY_PHASE_STRIP = NO;
				DEBUG_INFORMATION_FORMAT = "dwarf-with-dsym";
				ENABLE_NS_ASSERTIONS = NO;
				ENABLE_STRICT_OBJC_MSGSEND = YES;
				ENABLE_USER_SCRIPT_SANDBOXING = YES;
				GCC_C_LANGUAGE_STANDARD = gnu17;
				GCC_NO_COMMON_BLOCKS = YES;
				GCC_WARN_64_TO_32_BIT_CONVERSION = YES;
				GCC_WARN_ABOUT_RETURN_TYPE = YES_ERROR;
				GCC_WARN_UNDECLARED_SELECTOR = YES;
				GCC_WARN_UNINITIALIZED_AUTOS = YES_AGGRESSIVE;
				GCC_WARN_UNUSED_FUNCTION = YES;
				GCC_WARN_UNUSED_VARIABLE = YES;
				IPHONEOS_DEPLOYMENT_TARGET = 18.2;
				LOCALIZATION_PREFERS_STRING_CATALOGS = YES;
				MTL_ENABLE_DEBUG_INFO = NO;
				MTL_FAST_MATH = YES;
				SDKROOT = iphoneos;
				SWIFT_COMPILATION_MODE = wholemodule;
				VALIDATE_PRODUCT = YES;
			};
			name = Release;
		};
		3F991EAA2E980117004351C6 /* Debug */ = {
			isa = XCBuildConfiguration;
			buildSettings = {
				ASSETCATALOG_COMPILER_APPICON_NAME = AppIcon;
				ASSETCATALOG_COMPILER_GLOBAL_ACCENT_COLOR_NAME = AccentColor;
				CODE_SIGN_STYLE = Automatic;
				CURRENT_PROJECT_VERSION = 1;
				DEVELOPMENT_ASSET_PATHS = "\"VisuallyImpairedApp/Preview Content\"";
				DEVELOPMENT_TEAM = S8FBP4YLUA;
				ENABLE_PREVIEWS = YES;
				GENERATE_INFOPLIST_FILE = YES;
				INFOPLIST_KEY_NSLocationAlwaysAndWhenInUseUsageDescription = "此 app 需要在背景持續定位";
				INFOPLIST_KEY_NSLocationWhenInUseUsageDescription = "此 app 需要定位服務以提供導航功能";
				INFOPLIST_KEY_UIApplicationSceneManifest_Generation = YES;
				INFOPLIST_KEY_UIApplicationSupportsIndirectInputEvents = YES;
				INFOPLIST_KEY_UILaunchScreen_Generation = YES;
				INFOPLIST_KEY_UISupportedInterfaceOrientations_iPad = "UIInterfaceOrientationPortrait UIInterfaceOrientationPortraitUpsideDown UIInterfaceOrientationLandscapeLeft UIInterfaceOrientationLandscapeRight";
				INFOPLIST_KEY_UISupportedInterfaceOrientations_iPhone = "UIInterfaceOrientationPortrait UIInterfaceOrientationLandscapeLeft UIInterfaceOrientationLandscapeRight";
				LD_RUNPATH_SEARCH_PATHS = (
					"$(inherited)",
					"@executable_path/Frameworks",
				);
				MARKETING_VERSION = 1.0;
				PRODUCT_BUNDLE_IDENTIFIER = com.imac.VisuallyImpairedApp;
				PRODUCT_NAME = "$(TARGET_NAME)";
				SWIFT_EMIT_LOC_STRINGS = YES;
				SWIFT_VERSION = 5.0;
				TARGETED_DEVICE_FAMILY = "1,2";
			};
			name = Debug;
		};
		3F991EAB2E980117004351C6 /* Release */ = {
			isa = XCBuildConfiguration;
			buildSettings = {
				ASSETCATALOG_COMPILER_APPICON_NAME = AppIcon;
				ASSETCATALOG_COMPILER_GLOBAL_ACCENT_COLOR_NAME = AccentColor;
				CODE_SIGN_STYLE = Automatic;
				CURRENT_PROJECT_VERSION = 1;
				DEVELOPMENT_ASSET_PATHS = "\"VisuallyImpairedApp/Preview Content\"";
				DEVELOPMENT_TEAM = S8FBP4YLUA;
				ENABLE_PREVIEWS = YES;
				GENERATE_INFOPLIST_FILE = YES;
				INFOPLIST_KEY_NSLocationAlwaysAndWhenInUseUsageDescription = "此 app 需要在背景持續定位";
				INFOPLIST_KEY_NSLocationWhenInUseUsageDescription = "此 app 需要定位服務以提供導航功能";
				INFOPLIST_KEY_UIApplicationSceneManifest_Generation = YES;
				INFOPLIST_KEY_UIApplicationSupportsIndirectInputEvents = YES;
				INFOPLIST_KEY_UILaunchScreen_Generation = YES;
				INFOPLIST_KEY_UISupportedInterfaceOrientations_iPad = "UIInterfaceOrientationPortrait UIInterfaceOrientationPortraitUpsideDown UIInterfaceOrientationLandscapeLeft UIInterfaceOrientationLandscapeRight";
				INFOPLIST_KEY_UISupportedInterfaceOrientations_iPhone = "UIInterfaceOrientationPortrait UIInterfaceOrientationLandscapeLeft UIInterfaceOrientationLandscapeRight";
				LD_RUNPATH_SEARCH_PATHS = (
					"$(inherited)",
					"@executable_path/Frameworks",
				);
				MARKETING_VERSION = 1.0;
				PRODUCT_BUNDLE_IDENTIFIER = com.imac.VisuallyImpairedApp;
				PRODUCT_NAME = "$(TARGET_NAME)";
				SWIFT_EMIT_LOC_STRINGS = YES;
				SWIFT_VERSION = 5.0;
				TARGETED_DEVICE_FAMILY = "1,2";
			};
			name = Release;
		};
		3F991EBC2E9801C9004351C6 /* Debug */ = {
			isa = XCBuildConfiguration;
			buildSettings = {
				ASSETCATALOG_COMPILER_APPICON_NAME = AppIcon;
				ASSETCATALOG_COMPILER_GLOBAL_ACCENT_COLOR_NAME = AccentColor;
				CODE_SIGN_STYLE = Automatic;
				CURRENT_PROJECT_VERSION = 1;
				DEVELOPMENT_ASSET_PATHS = "\"FamilyApp/Preview Content\"";
				DEVELOPMENT_TEAM = S8FBP4YLUA;
				ENABLE_PREVIEWS = YES;
				GENERATE_INFOPLIST_FILE = YES;
				INFOPLIST_KEY_UIApplicationSceneManifest_Generation = YES;
				INFOPLIST_KEY_UIApplicationSupportsIndirectInputEvents = YES;
				INFOPLIST_KEY_UILaunchScreen_Generation = YES;
				INFOPLIST_KEY_UISupportedInterfaceOrientations_iPad = "UIInterfaceOrientationPortrait UIInterfaceOrientationPortraitUpsideDown UIInterfaceOrientationLandscapeLeft UIInterfaceOrientationLandscapeRight";
				INFOPLIST_KEY_UISupportedInterfaceOrientations_iPhone = "UIInterfaceOrientationPortrait UIInterfaceOrientationLandscapeLeft UIInterfaceOrientationLandscapeRight";
				LD_RUNPATH_SEARCH_PATHS = (
					"$(inherited)",
					"@executable_path/Frameworks",
				);
				MARKETING_VERSION = 1.0;
				PRODUCT_BUNDLE_IDENTIFIER = com.imac.FamilyApp;
				PRODUCT_NAME = "$(TARGET_NAME)";
				SWIFT_EMIT_LOC_STRINGS = YES;
				SWIFT_VERSION = 5.0;
				TARGETED_DEVICE_FAMILY = "1,2";
			};
			name = Debug;
		};
		3F991EBD2E9801C9004351C6 /* Release */ = {
			isa = XCBuildConfiguration;
			buildSettings = {
				ASSETCATALOG_COMPILER_APPICON_NAME = AppIcon;
				ASSETCATALOG_COMPILER_GLOBAL_ACCENT_COLOR_NAME = AccentColor;
				CODE_SIGN_STYLE = Automatic;
				CURRENT_PROJECT_VERSION = 1;
				DEVELOPMENT_ASSET_PATHS = "\"FamilyApp/Preview Content\"";
				DEVELOPMENT_TEAM = S8FBP4YLUA;
				ENABLE_PREVIEWS = YES;
				GENERATE_INFOPLIST_FILE = YES;
				INFOPLIST_KEY_UIApplicationSceneManifest_Generation = YES;
				INFOPLIST_KEY_UIApplicationSupportsIndirectInputEvents = YES;
				INFOPLIST_KEY_UILaunchScreen_Generation = YES;
				INFOPLIST_KEY_UISupportedInterfaceOrientations_iPad = "UIInterfaceOrientationPortrait UIInterfaceOrientationPortraitUpsideDown UIInterfaceOrientationLandscapeLeft UIInterfaceOrientationLandscapeRight";
				INFOPLIST_KEY_UISupportedInterfaceOrientations_iPhone = "UIInterfaceOrientationPortrait UIInterfaceOrientationLandscapeLeft UIInterfaceOrientationLandscapeRight";
				LD_RUNPATH_SEARCH_PATHS = (
					"$(inherited)",
					"@executable_path/Frameworks",
				);
				MARKETING_VERSION = 1.0;
				PRODUCT_BUNDLE_IDENTIFIER = com.imac.FamilyApp;
				PRODUCT_NAME = "$(TARGET_NAME)";
				SWIFT_EMIT_LOC_STRINGS = YES;
				SWIFT_VERSION = 5.0;
				TARGETED_DEVICE_FAMILY = "1,2";
			};
			name = Release;
		};
		3F991EE62E980B6B004351C6 /* Debug */ = {
			isa = XCBuildConfiguration;
			buildSettings = {
				BUILD_LIBRARY_FOR_DISTRIBUTION = YES;
				CODE_SIGN_STYLE = Automatic;
				CURRENT_PROJECT_VERSION = 1;
				DEFINES_MODULE = YES;
				DEVELOPMENT_TEAM = S8FBP4YLUA;
				DYLIB_COMPATIBILITY_VERSION = 1;
				DYLIB_CURRENT_VERSION = 1;
				DYLIB_INSTALL_NAME_BASE = "@rpath";
				ENABLE_MODULE_VERIFIER = YES;
				GENERATE_INFOPLIST_FILE = YES;
				INFOPLIST_KEY_NSHumanReadableCopyright = "";
				INSTALL_PATH = "$(LOCAL_LIBRARY_DIR)/Frameworks";
				LD_RUNPATH_SEARCH_PATHS = (
					"$(inherited)",
					"@executable_path/Frameworks",
					"@loader_path/Frameworks",
				);
				MARKETING_VERSION = 1.0;
				MODULE_VERIFIER_SUPPORTED_LANGUAGES = "objective-c objective-c++";
				MODULE_VERIFIER_SUPPORTED_LANGUAGE_STANDARDS = "gnu17 gnu++20";
				PRODUCT_BUNDLE_IDENTIFIER = com.imac.SmartGuideServices;
				PRODUCT_NAME = "$(TARGET_NAME:c99extidentifier)";
				SKIP_INSTALL = YES;
				SWIFT_EMIT_LOC_STRINGS = YES;
				SWIFT_INSTALL_OBJC_HEADER = NO;
				SWIFT_VERSION = 5.0;
				TARGETED_DEVICE_FAMILY = "1,2";
				VERSIONING_SYSTEM = "apple-generic";
				VERSION_INFO_PREFIX = "";
			};
			name = Debug;
		};
		3F991EE72E980B6B004351C6 /* Release */ = {
			isa = XCBuildConfiguration;
			buildSettings = {
				BUILD_LIBRARY_FOR_DISTRIBUTION = YES;
				CODE_SIGN_STYLE = Automatic;
				CURRENT_PROJECT_VERSION = 1;
				DEFINES_MODULE = YES;
				DEVELOPMENT_TEAM = S8FBP4YLUA;
				DYLIB_COMPATIBILITY_VERSION = 1;
				DYLIB_CURRENT_VERSION = 1;
				DYLIB_INSTALL_NAME_BASE = "@rpath";
				ENABLE_MODULE_VERIFIER = YES;
				GENERATE_INFOPLIST_FILE = YES;
				INFOPLIST_KEY_NSHumanReadableCopyright = "";
				INSTALL_PATH = "$(LOCAL_LIBRARY_DIR)/Frameworks";
				LD_RUNPATH_SEARCH_PATHS = (
					"$(inherited)",
					"@executable_path/Frameworks",
					"@loader_path/Frameworks",
				);
				MARKETING_VERSION = 1.0;
				MODULE_VERIFIER_SUPPORTED_LANGUAGES = "objective-c objective-c++";
				MODULE_VERIFIER_SUPPORTED_LANGUAGE_STANDARDS = "gnu17 gnu++20";
				PRODUCT_BUNDLE_IDENTIFIER = com.imac.SmartGuideServices;
				PRODUCT_NAME = "$(TARGET_NAME:c99extidentifier)";
				SKIP_INSTALL = YES;
				SWIFT_EMIT_LOC_STRINGS = YES;
				SWIFT_INSTALL_OBJC_HEADER = NO;
				SWIFT_VERSION = 5.0;
				TARGETED_DEVICE_FAMILY = "1,2";
				VERSIONING_SYSTEM = "apple-generic";
				VERSION_INFO_PREFIX = "";
			};
			name = Release;
		};
/* End XCBuildConfiguration section */

/* Begin XCConfigurationList section */
		3F991E842E97FE9B004351C6 /* Build configuration list for PBXProject "SmartGuideBackpack" */ = {
			isa = XCConfigurationList;
			buildConfigurations = (
				3F991E952E97FE9C004351C6 /* Debug */,
				3F991E962E97FE9C004351C6 /* Release */,
			);
			defaultConfigurationIsVisible = 0;
			defaultConfigurationName = Release;
		};
		3F991EA92E980117004351C6 /* Build configuration list for PBXNativeTarget "VisuallyImpairedApp" */ = {
			isa = XCConfigurationList;
			buildConfigurations = (
				3F991EAA2E980117004351C6 /* Debug */,
				3F991EAB2E980117004351C6 /* Release */,
			);
			defaultConfigurationIsVisible = 0;
			defaultConfigurationName = Release;
		};
		3F991EBB2E9801C9004351C6 /* Build configuration list for PBXNativeTarget "FamilyApp" */ = {
			isa = XCConfigurationList;
			buildConfigurations = (
				3F991EBC2E9801C9004351C6 /* Debug */,
				3F991EBD2E9801C9004351C6 /* Release */,
			);
			defaultConfigurationIsVisible = 0;
			defaultConfigurationName = Release;
		};
		3F991EE52E980B6B004351C6 /* Build configuration list for PBXNativeTarget "SmartGuideServices" */ = {
			isa = XCConfigurationList;
			buildConfigurations = (
				3F991EE62E980B6B004351C6 /* Debug */,
				3F991EE72E980B6B004351C6 /* Release */,
			);
			defaultConfigurationIsVisible = 0;
			defaultConfigurationName = Release;
		};
/* End XCConfigurationList section */
	};
	rootObject = 3F991E812E97FE9B004351C6 /* Project object */;
}
